// !$*UTF8*$!
{
	archiveVersion = 1;
	classes = {
	};
	objectVersion = 50;
	objects = {

/* Begin PBXBuildFile section */
		7B0B89FB20DB7F89000E51C5 /* AppDelegate.swift in Sources */ = {isa = PBXBuildFile; fileRef = 7B0B89FA20DB7F89000E51C5 /* AppDelegate.swift */; };
		7B0B8A0020DB7F89000E51C5 /* Main.storyboard in Resources */ = {isa = PBXBuildFile; fileRef = 7B0B89FE20DB7F89000E51C5 /* Main.storyboard */; };
		7B0B8A0220DB7F8D000E51C5 /* Assets.xcassets in Resources */ = {isa = PBXBuildFile; fileRef = 7B0B8A0120DB7F8D000E51C5 /* Assets.xcassets */; };
		7B0B8A0520DB7F8D000E51C5 /* LaunchScreen.storyboard in Resources */ = {isa = PBXBuildFile; fileRef = 7B0B8A0320DB7F8D000E51C5 /* LaunchScreen.storyboard */; };
		7B0B8A1020DB7F8D000E51C5 /* AppSecurityTests.swift in Sources */ = {isa = PBXBuildFile; fileRef = 7B0B8A0F20DB7F8D000E51C5 /* AppSecurityTests.swift */; };
		7B0B8A1B20DB7F8D000E51C5 /* AppSecurityUITests.swift in Sources */ = {isa = PBXBuildFile; fileRef = 7B0B8A1A20DB7F8D000E51C5 /* AppSecurityUITests.swift */; };
		7B0B8A2C20DB8059000E51C5 /* HookingDetection.m in Sources */ = {isa = PBXBuildFile; fileRef = 7B0B8A2A20DB8059000E51C5 /* HookingDetection.m */; };
		7B0B8A2D20DB8059000E51C5 /* JBDetection.swift in Sources */ = {isa = PBXBuildFile; fileRef = 7B0B8A2B20DB8059000E51C5 /* JBDetection.swift */; };
		7B0B8A3120DBA4DE000E51C5 /* SensitiveClass.swift in Sources */ = {isa = PBXBuildFile; fileRef = 7B0B8A3020DBA4DE000E51C5 /* SensitiveClass.swift */; };
		7B0B8A3420DBA56D000E51C5 /* SensitiveObjClass.m in Sources */ = {isa = PBXBuildFile; fileRef = 7B0B8A3320DBA56D000E51C5 /* SensitiveObjClass.m */; };
		7B726FE720E6397800C03DA2 /* AES.m in Sources */ = {isa = PBXBuildFile; fileRef = 7B726FE420E6397800C03DA2 /* AES.m */; };
		7B726FEB20E6413800C03DA2 /* AppSecurityVC.swift in Sources */ = {isa = PBXBuildFile; fileRef = 7B726FEA20E6413700C03DA2 /* AppSecurityVC.swift */; };
		7B726FED20E6415C00C03DA2 /* CryptographyVC.swift in Sources */ = {isa = PBXBuildFile; fileRef = 7B726FEC20E6415C00C03DA2 /* CryptographyVC.swift */; };
		F74801D624C4A92A00FC2BF6 /* RSA.m in Sources */ = {isa = PBXBuildFile; fileRef = F74801D424C4A92A00FC2BF6 /* RSA.m */; };
		F74801E124C4ABD900FC2BF6 /* HashGenerator.m in Sources */ = {isa = PBXBuildFile; fileRef = F74801DF24C4ABD900FC2BF6 /* HashGenerator.m */; };
/* End PBXBuildFile section */

/* Begin PBXContainerItemProxy section */
		7B0B8A0C20DB7F8D000E51C5 /* PBXContainerItemProxy */ = {
			isa = PBXContainerItemProxy;
			containerPortal = 7B0B89EF20DB7F89000E51C5 /* Project object */;
			proxyType = 1;
			remoteGlobalIDString = 7B0B89F620DB7F89000E51C5;
			remoteInfo = AppSecurity;
		};
		7B0B8A1720DB7F8D000E51C5 /* PBXContainerItemProxy */ = {
			isa = PBXContainerItemProxy;
			containerPortal = 7B0B89EF20DB7F89000E51C5 /* Project object */;
			proxyType = 1;
			remoteGlobalIDString = 7B0B89F620DB7F89000E51C5;
			remoteInfo = AppSecurity;
		};
/* End PBXContainerItemProxy section */

/* Begin PBXFileReference section */
		7B0B89F720DB7F89000E51C5 /* AppSecurity.app */ = {isa = PBXFileReference; explicitFileType = wrapper.application; includeInIndex = 0; path = AppSecurity.app; sourceTree = BUILT_PRODUCTS_DIR; };
		7B0B89FA20DB7F89000E51C5 /* AppDelegate.swift */ = {isa = PBXFileReference; lastKnownFileType = sourcecode.swift; path = AppDelegate.swift; sourceTree = "<group>"; };
		7B0B89FF20DB7F89000E51C5 /* Base */ = {isa = PBXFileReference; lastKnownFileType = file.storyboard; name = Base; path = Base.lproj/Main.storyboard; sourceTree = "<group>"; };
		7B0B8A0120DB7F8D000E51C5 /* Assets.xcassets */ = {isa = PBXFileReference; lastKnownFileType = folder.assetcatalog; path = Assets.xcassets; sourceTree = "<group>"; };
		7B0B8A0420DB7F8D000E51C5 /* Base */ = {isa = PBXFileReference; lastKnownFileType = file.storyboard; name = Base; path = Base.lproj/LaunchScreen.storyboard; sourceTree = "<group>"; };
		7B0B8A0620DB7F8D000E51C5 /* Info.plist */ = {isa = PBXFileReference; lastKnownFileType = text.plist.xml; path = Info.plist; sourceTree = "<group>"; };
		7B0B8A0B20DB7F8D000E51C5 /* AppSecurityTests.xctest */ = {isa = PBXFileReference; explicitFileType = wrapper.cfbundle; includeInIndex = 0; path = AppSecurityTests.xctest; sourceTree = BUILT_PRODUCTS_DIR; };
		7B0B8A0F20DB7F8D000E51C5 /* AppSecurityTests.swift */ = {isa = PBXFileReference; lastKnownFileType = sourcecode.swift; path = AppSecurityTests.swift; sourceTree = "<group>"; };
		7B0B8A1120DB7F8D000E51C5 /* Info.plist */ = {isa = PBXFileReference; lastKnownFileType = text.plist.xml; path = Info.plist; sourceTree = "<group>"; };
		7B0B8A1620DB7F8D000E51C5 /* AppSecurityUITests.xctest */ = {isa = PBXFileReference; explicitFileType = wrapper.cfbundle; includeInIndex = 0; path = AppSecurityUITests.xctest; sourceTree = BUILT_PRODUCTS_DIR; };
		7B0B8A1A20DB7F8D000E51C5 /* AppSecurityUITests.swift */ = {isa = PBXFileReference; lastKnownFileType = sourcecode.swift; path = AppSecurityUITests.swift; sourceTree = "<group>"; };
		7B0B8A1C20DB7F8D000E51C5 /* Info.plist */ = {isa = PBXFileReference; lastKnownFileType = text.plist.xml; path = Info.plist; sourceTree = "<group>"; };
		7B0B8A2920DB8059000E51C5 /* HookingDetection.h */ = {isa = PBXFileReference; fileEncoding = 4; lastKnownFileType = sourcecode.c.h; path = HookingDetection.h; sourceTree = "<group>"; };
		7B0B8A2A20DB8059000E51C5 /* HookingDetection.m */ = {isa = PBXFileReference; fileEncoding = 4; lastKnownFileType = sourcecode.c.objc; path = HookingDetection.m; sourceTree = "<group>"; };
		7B0B8A2B20DB8059000E51C5 /* JBDetection.swift */ = {isa = PBXFileReference; fileEncoding = 4; lastKnownFileType = sourcecode.swift; path = JBDetection.swift; sourceTree = "<group>"; };
		7B0B8A2E20DB84B8000E51C5 /* AppSecurity-Bridging-Header.h */ = {isa = PBXFileReference; lastKnownFileType = sourcecode.c.h; path = "AppSecurity-Bridging-Header.h"; sourceTree = "<group>"; };
		7B0B8A3020DBA4DE000E51C5 /* SensitiveClass.swift */ = {isa = PBXFileReference; lastKnownFileType = sourcecode.swift; path = SensitiveClass.swift; sourceTree = "<group>"; };
		7B0B8A3220DBA56D000E51C5 /* SensitiveObjClass.h */ = {isa = PBXFileReference; lastKnownFileType = sourcecode.c.h; path = SensitiveObjClass.h; sourceTree = "<group>"; };
		7B0B8A3320DBA56D000E51C5 /* SensitiveObjClass.m */ = {isa = PBXFileReference; lastKnownFileType = sourcecode.c.objc; path = SensitiveObjClass.m; sourceTree = "<group>"; };
		7B726FE320E6397800C03DA2 /* AES.h */ = {isa = PBXFileReference; fileEncoding = 4; lastKnownFileType = sourcecode.c.h; path = AES.h; sourceTree = "<group>"; };
		7B726FE420E6397800C03DA2 /* AES.m */ = {isa = PBXFileReference; fileEncoding = 4; lastKnownFileType = sourcecode.c.objc; path = AES.m; sourceTree = "<group>"; };
		7B726FEA20E6413700C03DA2 /* AppSecurityVC.swift */ = {isa = PBXFileReference; fileEncoding = 4; lastKnownFileType = sourcecode.swift; path = AppSecurityVC.swift; sourceTree = "<group>"; };
		7B726FEC20E6415C00C03DA2 /* CryptographyVC.swift */ = {isa = PBXFileReference; lastKnownFileType = sourcecode.swift; path = CryptographyVC.swift; sourceTree = "<group>"; };
		F74801D424C4A92A00FC2BF6 /* RSA.m */ = {isa = PBXFileReference; fileEncoding = 4; lastKnownFileType = sourcecode.c.objc; path = RSA.m; sourceTree = "<group>"; };
		F74801D524C4A92A00FC2BF6 /* RSA.h */ = {isa = PBXFileReference; fileEncoding = 4; lastKnownFileType = sourcecode.c.h; path = RSA.h; sourceTree = "<group>"; };
		F74801DF24C4ABD900FC2BF6 /* HashGenerator.m */ = {isa = PBXFileReference; fileEncoding = 4; lastKnownFileType = sourcecode.c.objc; path = HashGenerator.m; sourceTree = "<group>"; };
		F74801E024C4ABD900FC2BF6 /* HashGenerator.h */ = {isa = PBXFileReference; fileEncoding = 4; lastKnownFileType = sourcecode.c.h; path = HashGenerator.h; sourceTree = "<group>"; };
/* End PBXFileReference section */

/* Begin PBXFrameworksBuildPhase section */
		7B0B89F420DB7F89000E51C5 /* Frameworks */ = {
			isa = PBXFrameworksBuildPhase;
			buildActionMask = 2147483647;
			files = (
			);
			runOnlyForDeploymentPostprocessing = 0;
		};
		7B0B8A0820DB7F8D000E51C5 /* Frameworks */ = {
			isa = PBXFrameworksBuildPhase;
			buildActionMask = 2147483647;
			files = (
			);
			runOnlyForDeploymentPostprocessing = 0;
		};
		7B0B8A1320DB7F8D000E51C5 /* Frameworks */ = {
			isa = PBXFrameworksBuildPhase;
			buildActionMask = 2147483647;
			files = (
			);
			runOnlyForDeploymentPostprocessing = 0;
		};
/* End PBXFrameworksBuildPhase section */

/* Begin PBXGroup section */
		7B0B89EE20DB7F89000E51C5 = {
			isa = PBXGroup;
			children = (
				7B0B89F920DB7F89000E51C5 /* AppSecurity */,
				7B0B8A0E20DB7F8D000E51C5 /* AppSecurityTests */,
				7B0B8A1920DB7F8D000E51C5 /* AppSecurityUITests */,
				7B0B89F820DB7F89000E51C5 /* Products */,
			);
			sourceTree = "<group>";
		};
		7B0B89F820DB7F89000E51C5 /* Products */ = {
			isa = PBXGroup;
			children = (
				7B0B89F720DB7F89000E51C5 /* AppSecurity.app */,
				7B0B8A0B20DB7F8D000E51C5 /* AppSecurityTests.xctest */,
				7B0B8A1620DB7F8D000E51C5 /* AppSecurityUITests.xctest */,
			);
			name = Products;
			sourceTree = "<group>";
		};
		7B0B89F920DB7F89000E51C5 /* AppSecurity */ = {
			isa = PBXGroup;
			children = (
				7B726FE920E6413700C03DA2 /* ViewController */,
				7B0B8A2F20DBA4CA000E51C5 /* SensitiveClass */,
				7B0B8A2820DB8059000E51C5 /* Security */,
				7B0B89FA20DB7F89000E51C5 /* AppDelegate.swift */,
				7B0B89FE20DB7F89000E51C5 /* Main.storyboard */,
				7B0B8A0120DB7F8D000E51C5 /* Assets.xcassets */,
				7B0B8A0320DB7F8D000E51C5 /* LaunchScreen.storyboard */,
				7B0B8A0620DB7F8D000E51C5 /* Info.plist */,
				7B0B8A2E20DB84B8000E51C5 /* AppSecurity-Bridging-Header.h */,
			);
			path = AppSecurity;
			sourceTree = "<group>";
		};
		7B0B8A0E20DB7F8D000E51C5 /* AppSecurityTests */ = {
			isa = PBXGroup;
			children = (
				7B0B8A0F20DB7F8D000E51C5 /* AppSecurityTests.swift */,
				7B0B8A1120DB7F8D000E51C5 /* Info.plist */,
			);
			path = AppSecurityTests;
			sourceTree = "<group>";
		};
		7B0B8A1920DB7F8D000E51C5 /* AppSecurityUITests */ = {
			isa = PBXGroup;
			children = (
				7B0B8A1A20DB7F8D000E51C5 /* AppSecurityUITests.swift */,
				7B0B8A1C20DB7F8D000E51C5 /* Info.plist */,
			);
			path = AppSecurityUITests;
			sourceTree = "<group>";
		};
		7B0B8A2820DB8059000E51C5 /* Security */ = {
			isa = PBXGroup;
			children = (
				F74801DB24C4AA9B00FC2BF6 /* JailBreakDetection */,
				F74801DA24C4AA8C00FC2BF6 /* HookingDetection */,
				F74801D724C4AA4400FC2BF6 /* HashValue */,
				7B726FE220E6397800C03DA2 /* Cryptography */,
			);
			path = Security;
			sourceTree = "<group>";
		};
		7B0B8A2F20DBA4CA000E51C5 /* SensitiveClass */ = {
			isa = PBXGroup;
			children = (
				7B0B8A3020DBA4DE000E51C5 /* SensitiveClass.swift */,
				7B0B8A3220DBA56D000E51C5 /* SensitiveObjClass.h */,
				7B0B8A3320DBA56D000E51C5 /* SensitiveObjClass.m */,
			);
			path = SensitiveClass;
			sourceTree = "<group>";
		};
		7B726FE220E6397800C03DA2 /* Cryptography */ = {
			isa = PBXGroup;
			children = (
				F74801E324C4ADCA00FC2BF6 /* AES */,
				F74801E224C4ADAF00FC2BF6 /* RSA */,
			);
			path = Cryptography;
			sourceTree = "<group>";
		};
		7B726FE920E6413700C03DA2 /* ViewController */ = {
			isa = PBXGroup;
			children = (
				7B726FEA20E6413700C03DA2 /* AppSecurityVC.swift */,
				7B726FEC20E6415C00C03DA2 /* CryptographyVC.swift */,
			);
			path = ViewController;
			sourceTree = "<group>";
		};
		F74801D724C4AA4400FC2BF6 /* HashValue */ = {
			isa = PBXGroup;
			children = (
				F74801E024C4ABD900FC2BF6 /* HashGenerator.h */,
				F74801DF24C4ABD900FC2BF6 /* HashGenerator.m */,
			);
			path = HashValue;
			sourceTree = "<group>";
		};
		F74801DA24C4AA8C00FC2BF6 /* HookingDetection */ = {
			isa = PBXGroup;
			children = (
				7B0B8A2920DB8059000E51C5 /* HookingDetection.h */,
				7B0B8A2A20DB8059000E51C5 /* HookingDetection.m */,
			);
			path = HookingDetection;
			sourceTree = "<group>";
		};
		F74801DB24C4AA9B00FC2BF6 /* JailBreakDetection */ = {
			isa = PBXGroup;
			children = (
				7B0B8A2B20DB8059000E51C5 /* JBDetection.swift */,
			);
			path = JailBreakDetection;
			sourceTree = "<group>";
		};
		F74801E224C4ADAF00FC2BF6 /* RSA */ = {
			isa = PBXGroup;
			children = (
				F74801D524C4A92A00FC2BF6 /* RSA.h */,
				F74801D424C4A92A00FC2BF6 /* RSA.m */,
			);
			path = RSA;
			sourceTree = "<group>";
		};
		F74801E324C4ADCA00FC2BF6 /* AES */ = {
			isa = PBXGroup;
			children = (
				7B726FE320E6397800C03DA2 /* AES.h */,
				7B726FE420E6397800C03DA2 /* AES.m */,
			);
			path = AES;
			sourceTree = "<group>";
		};
/* End PBXGroup section */

/* Begin PBXNativeTarget section */
		7B0B89F620DB7F89000E51C5 /* AppSecurity */ = {
			isa = PBXNativeTarget;
			buildConfigurationList = 7B0B8A1F20DB7F8D000E51C5 /* Build configuration list for PBXNativeTarget "AppSecurity" */;
			buildPhases = (
				7B0B89F320DB7F89000E51C5 /* Sources */,
				7B0B89F420DB7F89000E51C5 /* Frameworks */,
				7B0B89F520DB7F89000E51C5 /* Resources */,
			);
			buildRules = (
			);
			dependencies = (
			);
			name = AppSecurity;
			productName = AppSecurity;
			productReference = 7B0B89F720DB7F89000E51C5 /* AppSecurity.app */;
			productType = "com.apple.product-type.application";
		};
		7B0B8A0A20DB7F8D000E51C5 /* AppSecurityTests */ = {
			isa = PBXNativeTarget;
			buildConfigurationList = 7B0B8A2220DB7F8D000E51C5 /* Build configuration list for PBXNativeTarget "AppSecurityTests" */;
			buildPhases = (
				7B0B8A0720DB7F8D000E51C5 /* Sources */,
				7B0B8A0820DB7F8D000E51C5 /* Frameworks */,
				7B0B8A0920DB7F8D000E51C5 /* Resources */,
			);
			buildRules = (
			);
			dependencies = (
				7B0B8A0D20DB7F8D000E51C5 /* PBXTargetDependency */,
			);
			name = AppSecurityTests;
			productName = AppSecurityTests;
			productReference = 7B0B8A0B20DB7F8D000E51C5 /* AppSecurityTests.xctest */;
			productType = "com.apple.product-type.bundle.unit-test";
		};
		7B0B8A1520DB7F8D000E51C5 /* AppSecurityUITests */ = {
			isa = PBXNativeTarget;
			buildConfigurationList = 7B0B8A2520DB7F8D000E51C5 /* Build configuration list for PBXNativeTarget "AppSecurityUITests" */;
			buildPhases = (
				7B0B8A1220DB7F8D000E51C5 /* Sources */,
				7B0B8A1320DB7F8D000E51C5 /* Frameworks */,
				7B0B8A1420DB7F8D000E51C5 /* Resources */,
			);
			buildRules = (
			);
			dependencies = (
				7B0B8A1820DB7F8D000E51C5 /* PBXTargetDependency */,
			);
			name = AppSecurityUITests;
			productName = AppSecurityUITests;
			productReference = 7B0B8A1620DB7F8D000E51C5 /* AppSecurityUITests.xctest */;
			productType = "com.apple.product-type.bundle.ui-testing";
		};
/* End PBXNativeTarget section */

/* Begin PBXProject section */
		7B0B89EF20DB7F89000E51C5 /* Project object */ = {
			isa = PBXProject;
			attributes = {
				LastSwiftUpdateCheck = 0930;
				LastUpgradeCheck = 0930;
				TargetAttributes = {
					7B0B89F620DB7F89000E51C5 = {
						CreatedOnToolsVersion = 9.3;
					};
					7B0B8A0A20DB7F8D000E51C5 = {
						CreatedOnToolsVersion = 9.3;
						TestTargetID = 7B0B89F620DB7F89000E51C5;
					};
					7B0B8A1520DB7F8D000E51C5 = {
						CreatedOnToolsVersion = 9.3;
						TestTargetID = 7B0B89F620DB7F89000E51C5;
					};
				};
			};
			buildConfigurationList = 7B0B89F220DB7F89000E51C5 /* Build configuration list for PBXProject "AppSecurity" */;
			compatibilityVersion = "Xcode 9.3";
			developmentRegion = en;
			hasScannedForEncodings = 0;
			knownRegions = (
				en,
				Base,
			);
			mainGroup = 7B0B89EE20DB7F89000E51C5;
			productRefGroup = 7B0B89F820DB7F89000E51C5 /* Products */;
			projectDirPath = "";
			projectRoot = "";
			targets = (
				7B0B89F620DB7F89000E51C5 /* AppSecurity */,
				7B0B8A0A20DB7F8D000E51C5 /* AppSecurityTests */,
				7B0B8A1520DB7F8D000E51C5 /* AppSecurityUITests */,
			);
		};
/* End PBXProject section */

/* Begin PBXResourcesBuildPhase section */
		7B0B89F520DB7F89000E51C5 /* Resources */ = {
			isa = PBXResourcesBuildPhase;
			buildActionMask = 2147483647;
			files = (
				7B0B8A0520DB7F8D000E51C5 /* LaunchScreen.storyboard in Resources */,
				7B0B8A0220DB7F8D000E51C5 /* Assets.xcassets in Resources */,
				7B0B8A0020DB7F89000E51C5 /* Main.storyboard in Resources */,
			);
			runOnlyForDeploymentPostprocessing = 0;
		};
		7B0B8A0920DB7F8D000E51C5 /* Resources */ = {
			isa = PBXResourcesBuildPhase;
			buildActionMask = 2147483647;
			files = (
			);
			runOnlyForDeploymentPostprocessing = 0;
		};
		7B0B8A1420DB7F8D000E51C5 /* Resources */ = {
			isa = PBXResourcesBuildPhase;
			buildActionMask = 2147483647;
			files = (
			);
			runOnlyForDeploymentPostprocessing = 0;
		};
/* End PBXResourcesBuildPhase section */

/* Begin PBXSourcesBuildPhase section */
		7B0B89F320DB7F89000E51C5 /* Sources */ = {
			isa = PBXSourcesBuildPhase;
			buildActionMask = 2147483647;
			files = (
				7B726FED20E6415C00C03DA2 /* CryptographyVC.swift in Sources */,
				7B0B8A3420DBA56D000E51C5 /* SensitiveObjClass.m in Sources */,
				7B0B8A2C20DB8059000E51C5 /* HookingDetection.m in Sources */,
				7B726FEB20E6413800C03DA2 /* AppSecurityVC.swift in Sources */,
				7B726FE720E6397800C03DA2 /* AES.m in Sources */,
				7B0B8A3120DBA4DE000E51C5 /* SensitiveClass.swift in Sources */,
				F74801D624C4A92A00FC2BF6 /* RSA.m in Sources */,
				F74801E124C4ABD900FC2BF6 /* HashGenerator.m in Sources */,
				7B0B89FB20DB7F89000E51C5 /* AppDelegate.swift in Sources */,
				7B0B8A2D20DB8059000E51C5 /* JBDetection.swift in Sources */,
			);
			runOnlyForDeploymentPostprocessing = 0;
		};
		7B0B8A0720DB7F8D000E51C5 /* Sources */ = {
			isa = PBXSourcesBuildPhase;
			buildActionMask = 2147483647;
			files = (
				7B0B8A1020DB7F8D000E51C5 /* AppSecurityTests.swift in Sources */,
			);
			runOnlyForDeploymentPostprocessing = 0;
		};
		7B0B8A1220DB7F8D000E51C5 /* Sources */ = {
			isa = PBXSourcesBuildPhase;
			buildActionMask = 2147483647;
			files = (
				7B0B8A1B20DB7F8D000E51C5 /* AppSecurityUITests.swift in Sources */,
			);
			runOnlyForDeploymentPostprocessing = 0;
		};
/* End PBXSourcesBuildPhase section */

/* Begin PBXTargetDependency section */
		7B0B8A0D20DB7F8D000E51C5 /* PBXTargetDependency */ = {
			isa = PBXTargetDependency;
			target = 7B0B89F620DB7F89000E51C5 /* AppSecurity */;
			targetProxy = 7B0B8A0C20DB7F8D000E51C5 /* PBXContainerItemProxy */;
		};
		7B0B8A1820DB7F8D000E51C5 /* PBXTargetDependency */ = {
			isa = PBXTargetDependency;
			target = 7B0B89F620DB7F89000E51C5 /* AppSecurity */;
			targetProxy = 7B0B8A1720DB7F8D000E51C5 /* PBXContainerItemProxy */;
		};
/* End PBXTargetDependency section */

/* Begin PBXVariantGroup section */
		7B0B89FE20DB7F89000E51C5 /* Main.storyboard */ = {
			isa = PBXVariantGroup;
			children = (
				7B0B89FF20DB7F89000E51C5 /* Base */,
			);
			name = Main.storyboard;
			sourceTree = "<group>";
		};
		7B0B8A0320DB7F8D000E51C5 /* LaunchScreen.storyboard */ = {
			isa = PBXVariantGroup;
			children = (
				7B0B8A0420DB7F8D000E51C5 /* Base */,
			);
			name = LaunchScreen.storyboard;
			sourceTree = "<group>";
		};
/* End PBXVariantGroup section */

/* Begin XCBuildConfiguration section */
		7B0B8A1D20DB7F8D000E51C5 /* Debug */ = {
			isa = XCBuildConfiguration;
			buildSettings = {
				ALWAYS_SEARCH_USER_PATHS = NO;
				CLANG_ANALYZER_NONNULL = YES;
				CLANG_ANALYZER_NUMBER_OBJECT_CONVERSION = YES_AGGRESSIVE;
				CLANG_CXX_LANGUAGE_STANDARD = "gnu++14";
				CLANG_CXX_LIBRARY = "libc++";
				CLANG_ENABLE_MODULES = YES;
				CLANG_ENABLE_OBJC_ARC = YES;
				CLANG_ENABLE_OBJC_WEAK = YES;
				CLANG_WARN_BLOCK_CAPTURE_AUTORELEASING = YES;
				CLANG_WARN_BOOL_CONVERSION = YES;
				CLANG_WARN_COMMA = YES;
				CLANG_WARN_CONSTANT_CONVERSION = YES;
				CLANG_WARN_DEPRECATED_OBJC_IMPLEMENTATIONS = YES;
				CLANG_WARN_DIRECT_OBJC_ISA_USAGE = YES_ERROR;
				CLANG_WARN_DOCUMENTATION_COMMENTS = YES;
				CLANG_WARN_EMPTY_BODY = YES;
				CLANG_WARN_ENUM_CONVERSION = YES;
				CLANG_WARN_INFINITE_RECURSION = YES;
				CLANG_WARN_INT_CONVERSION = YES;
				CLANG_WARN_NON_LITERAL_NULL_CONVERSION = YES;
				CLANG_WARN_OBJC_IMPLICIT_RETAIN_SELF = YES;
				CLANG_WARN_OBJC_LITERAL_CONVERSION = YES;
				CLANG_WARN_OBJC_ROOT_CLASS = YES_ERROR;
				CLANG_WARN_RANGE_LOOP_ANALYSIS = YES;
				CLANG_WARN_STRICT_PROTOTYPES = YES;
				CLANG_WARN_SUSPICIOUS_MOVE = YES;
				CLANG_WARN_UNGUARDED_AVAILABILITY = YES_AGGRESSIVE;
				CLANG_WARN_UNREACHABLE_CODE = YES;
				CLANG_WARN__DUPLICATE_METHOD_MATCH = YES;
				CODE_SIGN_IDENTITY = "iPhone Developer";
				COPY_PHASE_STRIP = NO;
				DEBUG_INFORMATION_FORMAT = dwarf;
				ENABLE_STRICT_OBJC_MSGSEND = YES;
				ENABLE_TESTABILITY = YES;
				GCC_C_LANGUAGE_STANDARD = gnu11;
				GCC_DYNAMIC_NO_PIC = NO;
				GCC_NO_COMMON_BLOCKS = YES;
				GCC_OPTIMIZATION_LEVEL = 0;
				GCC_PREPROCESSOR_DEFINITIONS = (
					"DEBUG=1",
					"$(inherited)",
				);
				GCC_WARN_64_TO_32_BIT_CONVERSION = YES;
				GCC_WARN_ABOUT_RETURN_TYPE = YES_ERROR;
				GCC_WARN_UNDECLARED_SELECTOR = YES;
				GCC_WARN_UNINITIALIZED_AUTOS = YES_AGGRESSIVE;
				GCC_WARN_UNUSED_FUNCTION = YES;
				GCC_WARN_UNUSED_VARIABLE = YES;
				IPHONEOS_DEPLOYMENT_TARGET = 11.3;
				MTL_ENABLE_DEBUG_INFO = YES;
				ONLY_ACTIVE_ARCH = YES;
				SDKROOT = iphoneos;
				SWIFT_ACTIVE_COMPILATION_CONDITIONS = DEBUG;
				SWIFT_OPTIMIZATION_LEVEL = "-Onone";
			};
			name = Debug;
		};
		7B0B8A1E20DB7F8D000E51C5 /* Release */ = {
			isa = XCBuildConfiguration;
			buildSettings = {
				ALWAYS_SEARCH_USER_PATHS = NO;
				CLANG_ANALYZER_NONNULL = YES;
				CLANG_ANALYZER_NUMBER_OBJECT_CONVERSION = YES_AGGRESSIVE;
				CLANG_CXX_LANGUAGE_STANDARD = "gnu++14";
				CLANG_CXX_LIBRARY = "libc++";
				CLANG_ENABLE_MODULES = YES;
				CLANG_ENABLE_OBJC_ARC = YES;
				CLANG_ENABLE_OBJC_WEAK = YES;
				CLANG_WARN_BLOCK_CAPTURE_AUTORELEASING = YES;
				CLANG_WARN_BOOL_CONVERSION = YES;
				CLANG_WARN_COMMA = YES;
				CLANG_WARN_CONSTANT_CONVERSION = YES;
				CLANG_WARN_DEPRECATED_OBJC_IMPLEMENTATIONS = YES;
				CLANG_WARN_DIRECT_OBJC_ISA_USAGE = YES_ERROR;
				CLANG_WARN_DOCUMENTATION_COMMENTS = YES;
				CLANG_WARN_EMPTY_BODY = YES;
				CLANG_WARN_ENUM_CONVERSION = YES;
				CLANG_WARN_INFINITE_RECURSION = YES;
				CLANG_WARN_INT_CONVERSION = YES;
				CLANG_WARN_NON_LITERAL_NULL_CONVERSION = YES;
				CLANG_WARN_OBJC_IMPLICIT_RETAIN_SELF = YES;
				CLANG_WARN_OBJC_LITERAL_CONVERSION = YES;
				CLANG_WARN_OBJC_ROOT_CLASS = YES_ERROR;
				CLANG_WARN_RANGE_LOOP_ANALYSIS = YES;
				CLANG_WARN_STRICT_PROTOTYPES = YES;
				CLANG_WARN_SUSPICIOUS_MOVE = YES;
				CLANG_WARN_UNGUARDED_AVAILABILITY = YES_AGGRESSIVE;
				CLANG_WARN_UNREACHABLE_CODE = YES;
				CLANG_WARN__DUPLICATE_METHOD_MATCH = YES;
				CODE_SIGN_IDENTITY = "iPhone Developer";
				COPY_PHASE_STRIP = NO;
				DEBUG_INFORMATION_FORMAT = "dwarf-with-dsym";
				ENABLE_NS_ASSERTIONS = NO;
				ENABLE_STRICT_OBJC_MSGSEND = YES;
				GCC_C_LANGUAGE_STANDARD = gnu11;
				GCC_NO_COMMON_BLOCKS = YES;
				GCC_WARN_64_TO_32_BIT_CONVERSION = YES;
				GCC_WARN_ABOUT_RETURN_TYPE = YES_ERROR;
				GCC_WARN_UNDECLARED_SELECTOR = YES;
				GCC_WARN_UNINITIALIZED_AUTOS = YES_AGGRESSIVE;
				GCC_WARN_UNUSED_FUNCTION = YES;
				GCC_WARN_UNUSED_VARIABLE = YES;
				IPHONEOS_DEPLOYMENT_TARGET = 11.3;
				MTL_ENABLE_DEBUG_INFO = NO;
				SDKROOT = iphoneos;
				SWIFT_COMPILATION_MODE = wholemodule;
				SWIFT_OPTIMIZATION_LEVEL = "-O";
				VALIDATE_PRODUCT = YES;
			};
			name = Release;
		};
		7B0B8A2020DB7F8D000E51C5 /* Debug */ = {
			isa = XCBuildConfiguration;
			buildSettings = {
				ASSETCATALOG_COMPILER_APPICON_NAME = AppIcon;
				CODE_SIGN_STYLE = Automatic;
				DEVELOPMENT_TEAM = KN6SECXLZ5;
				INFOPLIST_FILE = AppSecurity/Info.plist;
				IPHONEOS_DEPLOYMENT_TARGET = 8.0;
				LD_RUNPATH_SEARCH_PATHS = (
					"$(inherited)",
					"@executable_path/Frameworks",
				);
				PRODUCT_BUNDLE_IDENTIFIER = com.appsecurity;
				PRODUCT_NAME = "$(TARGET_NAME)";
				SWIFT_OBJC_BRIDGING_HEADER = "AppSecurity/AppSecurity-Bridging-Header.h";
				SWIFT_VERSION = 4.0;
				TARGETED_DEVICE_FAMILY = "1,2";
			};
			name = Debug;
		};
		7B0B8A2120DB7F8D000E51C5 /* Release */ = {
			isa = XCBuildConfiguration;
			buildSettings = {
				ASSETCATALOG_COMPILER_APPICON_NAME = AppIcon;
				CODE_SIGN_STYLE = Automatic;
				DEVELOPMENT_TEAM = KN6SECXLZ5;
				INFOPLIST_FILE = AppSecurity/Info.plist;
				IPHONEOS_DEPLOYMENT_TARGET = 8.0;
				LD_RUNPATH_SEARCH_PATHS = (
					"$(inherited)",
					"@executable_path/Frameworks",
				);
				PRODUCT_BUNDLE_IDENTIFIER = com.appsecurity;
				PRODUCT_NAME = "$(TARGET_NAME)";
				SWIFT_OBJC_BRIDGING_HEADER = "AppSecurity/AppSecurity-Bridging-Header.h";
				SWIFT_VERSION = 4.0;
				TARGETED_DEVICE_FAMILY = "1,2";
			};
			name = Release;
		};
		7B0B8A2320DB7F8D000E51C5 /* Debug */ = {
			isa = XCBuildConfiguration;
			buildSettings = {
				ALWAYS_EMBED_SWIFT_STANDARD_LIBRARIES = YES;
				BUNDLE_LOADER = "$(TEST_HOST)";
				CODE_SIGN_STYLE = Automatic;
				INFOPLIST_FILE = AppSecurityTests/Info.plist;
				LD_RUNPATH_SEARCH_PATHS = (
					"$(inherited)",
					"@executable_path/Frameworks",
					"@loader_path/Frameworks",
				);
				PRODUCT_BUNDLE_IDENTIFIER = in.sampleapp.loader.AppSecurityTests;
				PRODUCT_NAME = "$(TARGET_NAME)";
				SWIFT_VERSION = 4.0;
				TARGETED_DEVICE_FAMILY = "1,2";
				TEST_HOST = "$(BUILT_PRODUCTS_DIR)/AppSecurity.app/AppSecurity";
			};
			name = Debug;
		};
		7B0B8A2420DB7F8D000E51C5 /* Release */ = {
			isa = XCBuildConfiguration;
			buildSettings = {
				ALWAYS_EMBED_SWIFT_STANDARD_LIBRARIES = YES;
				BUNDLE_LOADER = "$(TEST_HOST)";
				CODE_SIGN_STYLE = Automatic;
				INFOPLIST_FILE = AppSecurityTests/Info.plist;
				LD_RUNPATH_SEARCH_PATHS = (
					"$(inherited)",
					"@executable_path/Frameworks",
					"@loader_path/Frameworks",
				);
				PRODUCT_BUNDLE_IDENTIFIER = in.sampleapp.loader.AppSecurityTests;
				PRODUCT_NAME = "$(TARGET_NAME)";
				SWIFT_VERSION = 4.0;
				TARGETED_DEVICE_FAMILY = "1,2";
				TEST_HOST = "$(BUILT_PRODUCTS_DIR)/AppSecurity.app/AppSecurity";
			};
			name = Release;
		};
		7B0B8A2620DB7F8D000E51C5 /* Debug */ = {
			isa = XCBuildConfiguration;
			buildSettings = {
				ALWAYS_EMBED_SWIFT_STANDARD_LIBRARIES = YES;
				CODE_SIGN_STYLE = Automatic;
				INFOPLIST_FILE = AppSecurityUITests/Info.plist;
				LD_RUNPATH_SEARCH_PATHS = (
					"$(inherited)",
					"@executable_path/Frameworks",
					"@loader_path/Frameworks",
				);
				PRODUCT_BUNDLE_IDENTIFIER = in.sampleapp.loader.AppSecurityUITests;
				PRODUCT_NAME = "$(TARGET_NAME)";
				SWIFT_VERSION = 4.0;
				TARGETED_DEVICE_FAMILY = "1,2";
				TEST_TARGET_NAME = AppSecurity;
			};
			name = Debug;
		};
		7B0B8A2720DB7F8D000E51C5 /* Release */ = {
			isa = XCBuildConfiguration;
			buildSettings = {
				ALWAYS_EMBED_SWIFT_STANDARD_LIBRARIES = YES;
				CODE_SIGN_STYLE = Automatic;
				INFOPLIST_FILE = AppSecurityUITests/Info.plist;
				LD_RUNPATH_SEARCH_PATHS = (
					"$(inherited)",
					"@executable_path/Frameworks",
					"@loader_path/Frameworks",
				);
				PRODUCT_BUNDLE_IDENTIFIER = in.sampleapp.loader.AppSecurityUITests;
				PRODUCT_NAME = "$(TARGET_NAME)";
				SWIFT_VERSION = 4.0;
				TARGETED_DEVICE_FAMILY = "1,2";
				TEST_TARGET_NAME = AppSecurity;
			};
			name = Release;
		};
/* End XCBuildConfiguration section */

/* Begin XCConfigurationList section */
		7B0B89F220DB7F89000E51C5 /* Build configuration list for PBXProject "AppSecurity" */ = {
			isa = XCConfigurationList;
			buildConfigurations = (
				7B0B8A1D20DB7F8D000E51C5 /* Debug */,
				7B0B8A1E20DB7F8D000E51C5 /* Release */,
			);
			defaultConfigurationIsVisible = 0;
			defaultConfigurationName = Release;
		};
		7B0B8A1F20DB7F8D000E51C5 /* Build configuration list for PBXNativeTarget "AppSecurity" */ = {
			isa = XCConfigurationList;
			buildConfigurations = (
				7B0B8A2020DB7F8D000E51C5 /* Debug */,
				7B0B8A2120DB7F8D000E51C5 /* Release */,
			);
			defaultConfigurationIsVisible = 0;
			defaultConfigurationName = Release;
		};
		7B0B8A2220DB7F8D000E51C5 /* Build configuration list for PBXNativeTarget "AppSecurityTests" */ = {
			isa = XCConfigurationList;
			buildConfigurations = (
				7B0B8A2320DB7F8D000E51C5 /* Debug */,
				7B0B8A2420DB7F8D000E51C5 /* Release */,
			);
			defaultConfigurationIsVisible = 0;
			defaultConfigurationName = Release;
		};
		7B0B8A2520DB7F8D000E51C5 /* Build configuration list for PBXNativeTarget "AppSecurityUITests" */ = {
			isa = XCConfigurationList;
			buildConfigurations = (
				7B0B8A2620DB7F8D000E51C5 /* Debug */,
				7B0B8A2720DB7F8D000E51C5 /* Release */,
			);
			defaultConfigurationIsVisible = 0;
			defaultConfigurationName = Release;
		};
/* End XCConfigurationList section */
	};
	rootObject = 7B0B89EF20DB7F89000E51C5 /* Project object */;
}
